
Microsoft Visual Studio Solution File, Format Version 12.00
# Visual Studio Version 16
VisualStudioVersion = 16.0.31019.35
MinimumVisualStudioVersion = 10.0.40219.1
Project("{FAE04EC0-301F-11D3-BF4B-00C04F79EFBC}") = "AppBancaire", "AppBancaire\AppBancaire.csproj", "{DB3D0DCF-61DA-485A-BEEB-03CF9D56DDDD}"
EndProject
Global
	GlobalSection(SolutionConfigurationPlatforms) = preSolution
		Debug|Any CPU = Debug|Any CPU
		Release|Any CPU = Release|Any CPU
	EndGlobalSection
	GlobalSection(ProjectConfigurationPlatforms) = postSolution
		{DB3D0DCF-61DA-485A-BEEB-03CF9D56DDDD}.Debug|Any CPU.ActiveCfg = Debug|Any CPU
		{DB3D0DCF-61DA-485A-BEEB-03CF9D56DDDD}.Debug|Any CPU.Build.0 = Debug|Any CPU
		{DB3D0DCF-61DA-485A-BEEB-03CF9D56DDDD}.Release|Any CPU.ActiveCfg = Release|Any CPU
		{DB3D0DCF-61DA-485A-BEEB-03CF9D56DDDD}.Release|Any CPU.Build.0 = Release|Any CPU
	EndGlobalSection
	GlobalSection(SolutionProperties) = preSolution
		HideSolutionNode = FALSE
	EndGlobalSection
	GlobalSection(ExtensibilityGlobals) = postSolution
		SolutionGuid = {AAD8291F-B64D-4A57-8C8A-4EA702909D30}
	EndGlobalSection
EndGlobal
