
Microsoft Visual Studio Solution File, Format Version 12.00
# Visual Studio Version 16
VisualStudioVersion = 16.0.31321.278
MinimumVisualStudioVersion = 10.0.40219.1
Project("{FAE04EC0-301F-11D3-BF4B-00C04F79EFBC}") = "ModelFirst", "ModelFirst\ModelFirst.csproj", "{44DEC361-128B-4C0A-84BB-2FDC0CC48473}"
EndProject
Global
	GlobalSection(SolutionConfigurationPlatforms) = preSolution
		Debug|Any CPU = Debug|Any CPU
		Release|Any CPU = Release|Any CPU
	EndGlobalSection
	GlobalSection(ProjectConfigurationPlatforms) = postSolution
		{44DEC361-128B-4C0A-84BB-2FDC0CC48473}.Debug|Any CPU.ActiveCfg = Debug|Any CPU
		{44DEC361-128B-4C0A-84BB-2FDC0CC48473}.Debug|Any CPU.Build.0 = Debug|Any CPU
		{44DEC361-128B-4C0A-84BB-2FDC0CC48473}.Release|Any CPU.ActiveCfg = Release|Any CPU
		{44DEC361-128B-4C0A-84BB-2FDC0CC48473}.Release|Any CPU.Build.0 = Release|Any CPU
	EndGlobalSection
	GlobalSection(SolutionProperties) = preSolution
		HideSolutionNode = FALSE
	EndGlobalSection
	GlobalSection(ExtensibilityGlobals) = postSolution
		SolutionGuid = {BB8F1D88-6B34-4D69-87A6-B60FBD1ABADD}
	EndGlobalSection
EndGlobal
