
Microsoft Visual Studio Solution File, Format Version 12.00
# Visual Studio Version 16
VisualStudioVersion = 16.0.31019.35
MinimumVisualStudioVersion = 10.0.40219.1
Project("{FAE04EC0-301F-11D3-BF4B-00C04F79EFBC}") = "a2", "a2\a2.csproj", "{1623C680-F9B6-4FD4-BF02-F94E815E4A10}"
EndProject
Global
	GlobalSection(SolutionConfigurationPlatforms) = preSolution
		Debug|Any CPU = Debug|Any CPU
		Release|Any CPU = Release|Any CPU
	EndGlobalSection
	GlobalSection(ProjectConfigurationPlatforms) = postSolution
		{1623C680-F9B6-4FD4-BF02-F94E815E4A10}.Debug|Any CPU.ActiveCfg = Debug|Any CPU
		{1623C680-F9B6-4FD4-BF02-F94E815E4A10}.Debug|Any CPU.Build.0 = Debug|Any CPU
		{1623C680-F9B6-4FD4-BF02-F94E815E4A10}.Release|Any CPU.ActiveCfg = Release|Any CPU
		{1623C680-F9B6-4FD4-BF02-F94E815E4A10}.Release|Any CPU.Build.0 = Release|Any CPU
	EndGlobalSection
	GlobalSection(SolutionProperties) = preSolution
		HideSolutionNode = FALSE
	EndGlobalSection
	GlobalSection(ExtensibilityGlobals) = postSolution
		SolutionGuid = {3818C3B0-4D49-404C-B1C0-1F1A1DFA0C91}
	EndGlobalSection
EndGlobal
