
Microsoft Visual Studio Solution File, Format Version 12.00
# Visual Studio Version 16
VisualStudioVersion = 16.0.31321.278
MinimumVisualStudioVersion = 10.0.40219.1
Project("{FAE04EC0-301F-11D3-BF4B-00C04F79EFBC}") = "code", "code\code.csproj", "{2B30C91D-D4FE-4F1A-B5A3-4DB647B05525}"
EndProject
Global
	GlobalSection(SolutionConfigurationPlatforms) = preSolution
		Debug|Any CPU = Debug|Any CPU
		Release|Any CPU = Release|Any CPU
	EndGlobalSection
	GlobalSection(ProjectConfigurationPlatforms) = postSolution
		{2B30C91D-D4FE-4F1A-B5A3-4DB647B05525}.Debug|Any CPU.ActiveCfg = Debug|Any CPU
		{2B30C91D-D4FE-4F1A-B5A3-4DB647B05525}.Debug|Any CPU.Build.0 = Debug|Any CPU
		{2B30C91D-D4FE-4F1A-B5A3-4DB647B05525}.Release|Any CPU.ActiveCfg = Release|Any CPU
		{2B30C91D-D4FE-4F1A-B5A3-4DB647B05525}.Release|Any CPU.Build.0 = Release|Any CPU
	EndGlobalSection
	GlobalSection(SolutionProperties) = preSolution
		HideSolutionNode = FALSE
	EndGlobalSection
	GlobalSection(ExtensibilityGlobals) = postSolution
		SolutionGuid = {15C338CF-732D-499F-AEDB-4C1F55794BA1}
	EndGlobalSection
EndGlobal
