
Microsoft Visual Studio Solution File, Format Version 12.00
# Visual Studio Version 16
VisualStudioVersion = 16.0.31019.35
MinimumVisualStudioVersion = 10.0.40219.1
Project("{FAE04EC0-301F-11D3-BF4B-00C04F79EFBC}") = "a1", "a1\a1.csproj", "{800C5120-D8A1-4705-AEFA-9C10828AA409}"
EndProject
Global
	GlobalSection(SolutionConfigurationPlatforms) = preSolution
		Debug|Any CPU = Debug|Any CPU
		Release|Any CPU = Release|Any CPU
	EndGlobalSection
	GlobalSection(ProjectConfigurationPlatforms) = postSolution
		{800C5120-D8A1-4705-AEFA-9C10828AA409}.Debug|Any CPU.ActiveCfg = Debug|Any CPU
		{800C5120-D8A1-4705-AEFA-9C10828AA409}.Debug|Any CPU.Build.0 = Debug|Any CPU
		{800C5120-D8A1-4705-AEFA-9C10828AA409}.Release|Any CPU.ActiveCfg = Release|Any CPU
		{800C5120-D8A1-4705-AEFA-9C10828AA409}.Release|Any CPU.Build.0 = Release|Any CPU
	EndGlobalSection
	GlobalSection(SolutionProperties) = preSolution
		HideSolutionNode = FALSE
	EndGlobalSection
	GlobalSection(ExtensibilityGlobals) = postSolution
		SolutionGuid = {03FDEE15-1AE2-4400-8B06-F4C60D0DC12C}
	EndGlobalSection
EndGlobal
